
Microsoft Visual Studio Solution File, Format Version 12.00
# Visual Studio Version 16
VisualStudioVersion = 16.0.30114.105
MinimumVisualStudioVersion = 10.0.40219.1
Project("{FAE04EC0-301F-11D3-BF4B-00C04F79EFBC}") = "Training", "Training\Training.csproj", "{CAEF26E4-E8C0-4457-B2C5-4E45D5029BBA}"
EndProject
Global
	GlobalSection(SolutionConfigurationPlatforms) = preSolution
		Debug|Any CPU = Debug|Any CPU
		Release|Any CPU = Release|Any CPU
	EndGlobalSection
	GlobalSection(SolutionProperties) = preSolution
		HideSolutionNode = FALSE
	EndGlobalSection
	GlobalSection(ProjectConfigurationPlatforms) = postSolution
		{CAEF26E4-E8C0-4457-B2C5-4E45D5029BBA}.Debug|Any CPU.ActiveCfg = Debug|Any CPU
		{CAEF26E4-E8C0-4457-B2C5-4E45D5029BBA}.Debug|Any CPU.Build.0 = Debug|Any CPU
		{CAEF26E4-E8C0-4457-B2C5-4E45D5029BBA}.Release|Any CPU.ActiveCfg = Release|Any CPU
		{CAEF26E4-E8C0-4457-B2C5-4E45D5029BBA}.Release|Any CPU.Build.0 = Release|Any CPU
	EndGlobalSection
EndGlobal
